
Microsoft Visual Studio Solution File, Format Version 12.00
# Visual Studio Version 17
VisualStudioVersion = 17.5.33516.290
MinimumVisualStudioVersion = 10.0.40219.1
Project("{FAE04EC0-301F-11D3-BF4B-00C04F79EFBC}") = "Revit_Add_in_Bootcamp_21", "Revit_Add-in_Bootcamp_21\Revit_Add_in_Bootcamp_21.csproj", "{187FAC9C-7517-4C34-BB37-849A5EBDBECD}"
EndProject
Global
	GlobalSection(SolutionConfigurationPlatforms) = preSolution
		Debug|Any CPU = Debug|Any CPU
		Release|Any CPU = Release|Any CPU
	EndGlobalSection
	GlobalSection(ProjectConfigurationPlatforms) = postSolution
		{187FAC9C-7517-4C34-BB37-849A5EBDBECD}.Debug|Any CPU.ActiveCfg = Debug|Any CPU
		{187FAC9C-7517-4C34-BB37-849A5EBDBECD}.Debug|Any CPU.Build.0 = Debug|Any CPU
		{187FAC9C-7517-4C34-BB37-849A5EBDBECD}.Release|Any CPU.ActiveCfg = Release|Any CPU
		{187FAC9C-7517-4C34-BB37-849A5EBDBECD}.Release|Any CPU.Build.0 = Release|Any CPU
	EndGlobalSection
	GlobalSection(SolutionProperties) = preSolution
		HideSolutionNode = FALSE
	EndGlobalSection
	GlobalSection(ExtensibilityGlobals) = postSolution
		SolutionGuid = {B68A0937-6D0A-4F36-BD85-41FA7D0BD004}
	EndGlobalSection
EndGlobal
